
Microsoft Visual Studio Solution File, Format Version 12.00
# Visual Studio Version 17
VisualStudioVersion = 17.7.34024.191
MinimumVisualStudioVersion = 10.0.40219.1
Project("{FAE04EC0-301F-11D3-BF4B-00C04F79EFBC}") = "05_ExceptionandErrorHandling", "05_ExceptionandErrorHandling.csproj", "{BF12E7C2-89CC-4343-9B81-DA33C410CF54}"
EndProject
Global
	GlobalSection(SolutionConfigurationPlatforms) = preSolution
		Debug|Any CPU = Debug|Any CPU
		Release|Any CPU = Release|Any CPU
	EndGlobalSection
	GlobalSection(ProjectConfigurationPlatforms) = postSolution
		{BF12E7C2-89CC-4343-9B81-DA33C410CF54}.Debug|Any CPU.ActiveCfg = Debug|Any CPU
		{BF12E7C2-89CC-4343-9B81-DA33C410CF54}.Debug|Any CPU.Build.0 = Debug|Any CPU
		{BF12E7C2-89CC-4343-9B81-DA33C410CF54}.Release|Any CPU.ActiveCfg = Release|Any CPU
		{BF12E7C2-89CC-4343-9B81-DA33C410CF54}.Release|Any CPU.Build.0 = Release|Any CPU
	EndGlobalSection
	GlobalSection(SolutionProperties) = preSolution
		HideSolutionNode = FALSE
	EndGlobalSection
	GlobalSection(ExtensibilityGlobals) = postSolution
		SolutionGuid = {063882D4-3092-4FA6-905A-DAD1F6D80BF3}
	EndGlobalSection
EndGlobal
