
Microsoft Visual Studio Solution File, Format Version 12.00
# Visual Studio Version 17
VisualStudioVersion = 17.5.002.0
MinimumVisualStudioVersion = 10.0.40219.1
Project("{9A19103F-16F7-4668-BE54-9A1E7A4F7556}") = "03_PolymorphismInheritanceInterfaces", "03_PolymorphismInheritanceInterfaces.csproj", "{7F6CA138-E375-42D5-8711-B9CD39A73A2D}"
EndProject
Global
	GlobalSection(SolutionConfigurationPlatforms) = preSolution
		Debug|Any CPU = Debug|Any CPU
		Release|Any CPU = Release|Any CPU
	EndGlobalSection
	GlobalSection(ProjectConfigurationPlatforms) = postSolution
		{7F6CA138-E375-42D5-8711-B9CD39A73A2D}.Debug|Any CPU.ActiveCfg = Debug|Any CPU
		{7F6CA138-E375-42D5-8711-B9CD39A73A2D}.Debug|Any CPU.Build.0 = Debug|Any CPU
		{7F6CA138-E375-42D5-8711-B9CD39A73A2D}.Release|Any CPU.ActiveCfg = Release|Any CPU
		{7F6CA138-E375-42D5-8711-B9CD39A73A2D}.Release|Any CPU.Build.0 = Release|Any CPU
	EndGlobalSection
	GlobalSection(SolutionProperties) = preSolution
		HideSolutionNode = FALSE
	EndGlobalSection
	GlobalSection(ExtensibilityGlobals) = postSolution
		SolutionGuid = {DCF327F0-9787-4486-9C2E-7F2AFD5FE5C1}
	EndGlobalSection
EndGlobal
