
Microsoft Visual Studio Solution File, Format Version 12.00
# Visual Studio Version 17
VisualStudioVersion = 17.5.002.0
MinimumVisualStudioVersion = 10.0.40219.1
Project("{9A19103F-16F7-4668-BE54-9A1E7A4F7556}") = "TodoList", "TodoList.csproj", "{DD33D44A-F6FC-44C0-8E84-EC1925DB909E}"
EndProject
Project("{9A19103F-16F7-4668-BE54-9A1E7A4F7556}") = "Calculator", "..\Calculator\Calculator.csproj", "{35D8C79C-8480-4731-A8B6-C417C9C73672}"
EndProject
Project("{9A19103F-16F7-4668-BE54-9A1E7A4F7556}") = "Rectangle", "..\Rectangle\Rectangle\Rectangle.csproj", "{E11FF80C-B835-4443-A9DC-BCB69C41AD7A}"
EndProject
Project("{9A19103F-16F7-4668-BE54-9A1E7A4F7556}") = "DiceRollGame", "..\DiceRollGame\DiceRollGame.csproj", "{80F0C1D2-FD9E-4E44-A8B2-ACA6FE85A80F}"
EndProject
Project("{FAE04EC0-301F-11D3-BF4B-00C04F79EFBC}") = "CookiesCookbook", "..\CookiesCookbook\CookiesCookbook.csproj", "{7717B89A-EC6F-4B38-B0CE-60691DF99E2C}"
EndProject
Project("{FAE04EC0-301F-11D3-BF4B-00C04F79EFBC}") = "GameDataParser", "GameDataParser\GameDataParser.csproj", "{9B8660AE-701D-46C8-ABAA-84BFDABDBDD9}"
EndProject
Project("{FAE04EC0-301F-11D3-BF4B-00C04F79EFBC}") = "06_GenericTypes", "06_GenericTypes\06_GenericTypes.csproj", "{57CA6F51-F678-4DE2-BDA9-93759839CA8F}"
EndProject
Project("{FAE04EC0-301F-11D3-BF4B-00C04F79EFBC}") = "Exdercise", "..\06_GenericTypes\Exdercise\Exdercise.csproj", "{83A686D7-5E4D-4400-A200-29BFC530BE34}"
EndProject
Project("{FAE04EC0-301F-11D3-BF4B-00C04F79EFBC}") = "06_GenericTypes", "..\06_GenericTypes\06_GenericTypes.csproj", "{2AEFE540-837B-445B-B2E0-18380467EDA6}"
EndProject
Project("{FAE04EC0-301F-11D3-BF4B-00C04F79EFBC}") = "CustomCash", "..\CustomCash\CustomCash.csproj", "{3E717A7C-B158-45E9-9DB4-3DBA5080A01E}"
EndProject
Project("{FAE04EC0-301F-11D3-BF4B-00C04F79EFBC}") = "07_Linq", "..\07_Linq\07_Linq.csproj", "{DA95AA8B-9C47-46AC-AF01-8184155D3F80}"
EndProject
Project("{FAE04EC0-301F-11D3-BF4B-00C04F79EFBC}") = "CsvProcessing", "..\CsvProcessing\CsvProcessing.csproj", "{6678768C-5577-4412-8E13-AA8D622CB4FB}"
EndProject
Project("{FAE04EC0-301F-11D3-BF4B-00C04F79EFBC}") = "09_AdvancedC#Types", "..\09_AdvancedC#Types\09_AdvancedC#Types.csproj", "{F158EF01-D24A-4246-BB95-818AE04F2B58}"
EndProject
Global
	GlobalSection(SolutionConfigurationPlatforms) = preSolution
		Debug|Any CPU = Debug|Any CPU
		Release|Any CPU = Release|Any CPU
	EndGlobalSection
	GlobalSection(ProjectConfigurationPlatforms) = postSolution
		{DD33D44A-F6FC-44C0-8E84-EC1925DB909E}.Debug|Any CPU.ActiveCfg = Debug|Any CPU
		{DD33D44A-F6FC-44C0-8E84-EC1925DB909E}.Debug|Any CPU.Build.0 = Debug|Any CPU
		{DD33D44A-F6FC-44C0-8E84-EC1925DB909E}.Release|Any CPU.ActiveCfg = Release|Any CPU
		{DD33D44A-F6FC-44C0-8E84-EC1925DB909E}.Release|Any CPU.Build.0 = Release|Any CPU
		{35D8C79C-8480-4731-A8B6-C417C9C73672}.Debug|Any CPU.ActiveCfg = Debug|Any CPU
		{35D8C79C-8480-4731-A8B6-C417C9C73672}.Debug|Any CPU.Build.0 = Debug|Any CPU
		{35D8C79C-8480-4731-A8B6-C417C9C73672}.Release|Any CPU.ActiveCfg = Release|Any CPU
		{35D8C79C-8480-4731-A8B6-C417C9C73672}.Release|Any CPU.Build.0 = Release|Any CPU
		{E11FF80C-B835-4443-A9DC-BCB69C41AD7A}.Debug|Any CPU.ActiveCfg = Debug|Any CPU
		{E11FF80C-B835-4443-A9DC-BCB69C41AD7A}.Debug|Any CPU.Build.0 = Debug|Any CPU
		{E11FF80C-B835-4443-A9DC-BCB69C41AD7A}.Release|Any CPU.ActiveCfg = Release|Any CPU
		{E11FF80C-B835-4443-A9DC-BCB69C41AD7A}.Release|Any CPU.Build.0 = Release|Any CPU
		{80F0C1D2-FD9E-4E44-A8B2-ACA6FE85A80F}.Debug|Any CPU.ActiveCfg = Debug|Any CPU
		{80F0C1D2-FD9E-4E44-A8B2-ACA6FE85A80F}.Debug|Any CPU.Build.0 = Debug|Any CPU
		{80F0C1D2-FD9E-4E44-A8B2-ACA6FE85A80F}.Release|Any CPU.ActiveCfg = Release|Any CPU
		{80F0C1D2-FD9E-4E44-A8B2-ACA6FE85A80F}.Release|Any CPU.Build.0 = Release|Any CPU
		{7717B89A-EC6F-4B38-B0CE-60691DF99E2C}.Debug|Any CPU.ActiveCfg = Debug|Any CPU
		{7717B89A-EC6F-4B38-B0CE-60691DF99E2C}.Debug|Any CPU.Build.0 = Debug|Any CPU
		{7717B89A-EC6F-4B38-B0CE-60691DF99E2C}.Release|Any CPU.ActiveCfg = Release|Any CPU
		{7717B89A-EC6F-4B38-B0CE-60691DF99E2C}.Release|Any CPU.Build.0 = Release|Any CPU
		{9B8660AE-701D-46C8-ABAA-84BFDABDBDD9}.Debug|Any CPU.ActiveCfg = Debug|Any CPU
		{9B8660AE-701D-46C8-ABAA-84BFDABDBDD9}.Debug|Any CPU.Build.0 = Debug|Any CPU
		{9B8660AE-701D-46C8-ABAA-84BFDABDBDD9}.Release|Any CPU.ActiveCfg = Release|Any CPU
		{9B8660AE-701D-46C8-ABAA-84BFDABDBDD9}.Release|Any CPU.Build.0 = Release|Any CPU
		{57CA6F51-F678-4DE2-BDA9-93759839CA8F}.Debug|Any CPU.ActiveCfg = Debug|Any CPU
		{57CA6F51-F678-4DE2-BDA9-93759839CA8F}.Debug|Any CPU.Build.0 = Debug|Any CPU
		{57CA6F51-F678-4DE2-BDA9-93759839CA8F}.Release|Any CPU.ActiveCfg = Release|Any CPU
		{57CA6F51-F678-4DE2-BDA9-93759839CA8F}.Release|Any CPU.Build.0 = Release|Any CPU
		{83A686D7-5E4D-4400-A200-29BFC530BE34}.Debug|Any CPU.ActiveCfg = Debug|Any CPU
		{83A686D7-5E4D-4400-A200-29BFC530BE34}.Debug|Any CPU.Build.0 = Debug|Any CPU
		{83A686D7-5E4D-4400-A200-29BFC530BE34}.Release|Any CPU.ActiveCfg = Release|Any CPU
		{83A686D7-5E4D-4400-A200-29BFC530BE34}.Release|Any CPU.Build.0 = Release|Any CPU
		{2AEFE540-837B-445B-B2E0-18380467EDA6}.Debug|Any CPU.ActiveCfg = Debug|Any CPU
		{2AEFE540-837B-445B-B2E0-18380467EDA6}.Debug|Any CPU.Build.0 = Debug|Any CPU
		{2AEFE540-837B-445B-B2E0-18380467EDA6}.Release|Any CPU.ActiveCfg = Release|Any CPU
		{2AEFE540-837B-445B-B2E0-18380467EDA6}.Release|Any CPU.Build.0 = Release|Any CPU
		{3E717A7C-B158-45E9-9DB4-3DBA5080A01E}.Debug|Any CPU.ActiveCfg = Debug|Any CPU
		{3E717A7C-B158-45E9-9DB4-3DBA5080A01E}.Debug|Any CPU.Build.0 = Debug|Any CPU
		{3E717A7C-B158-45E9-9DB4-3DBA5080A01E}.Release|Any CPU.ActiveCfg = Release|Any CPU
		{3E717A7C-B158-45E9-9DB4-3DBA5080A01E}.Release|Any CPU.Build.0 = Release|Any CPU
		{DA95AA8B-9C47-46AC-AF01-8184155D3F80}.Debug|Any CPU.ActiveCfg = Debug|Any CPU
		{DA95AA8B-9C47-46AC-AF01-8184155D3F80}.Debug|Any CPU.Build.0 = Debug|Any CPU
		{DA95AA8B-9C47-46AC-AF01-8184155D3F80}.Release|Any CPU.ActiveCfg = Release|Any CPU
		{DA95AA8B-9C47-46AC-AF01-8184155D3F80}.Release|Any CPU.Build.0 = Release|Any CPU
		{6678768C-5577-4412-8E13-AA8D622CB4FB}.Debug|Any CPU.ActiveCfg = Debug|Any CPU
		{6678768C-5577-4412-8E13-AA8D622CB4FB}.Debug|Any CPU.Build.0 = Debug|Any CPU
		{6678768C-5577-4412-8E13-AA8D622CB4FB}.Release|Any CPU.ActiveCfg = Release|Any CPU
		{6678768C-5577-4412-8E13-AA8D622CB4FB}.Release|Any CPU.Build.0 = Release|Any CPU
		{F158EF01-D24A-4246-BB95-818AE04F2B58}.Debug|Any CPU.ActiveCfg = Debug|Any CPU
		{F158EF01-D24A-4246-BB95-818AE04F2B58}.Debug|Any CPU.Build.0 = Debug|Any CPU
		{F158EF01-D24A-4246-BB95-818AE04F2B58}.Release|Any CPU.ActiveCfg = Release|Any CPU
		{F158EF01-D24A-4246-BB95-818AE04F2B58}.Release|Any CPU.Build.0 = Release|Any CPU
	EndGlobalSection
	GlobalSection(SolutionProperties) = preSolution
		HideSolutionNode = FALSE
	EndGlobalSection
	GlobalSection(ExtensibilityGlobals) = postSolution
		SolutionGuid = {FFC27F1E-9F18-4486-AE78-8D25DD693D49}
	EndGlobalSection
EndGlobal
